
Microsoft Visual Studio Solution File, Format Version 11.00
# Visual Studio 2010
Project("{FAE04EC0-301F-11D3-BF4B-00C04F79EFBC}") = "Unity.Timeline", "Unity.Timeline.csproj", "{3ba05d45-0e78-c9d1-3d9c-d1cb1111f03d}"
EndProject
Project("{FAE04EC0-301F-11D3-BF4B-00C04F79EFBC}") = "Unity.RenderPipelines.GPUDriven.Runtime", "Unity.RenderPipelines.GPUDriven.Runtime.csproj", "{05dff640-b17e-315b-4a0a-711d3b3b6f97}"
EndProject
Project("{FAE04EC0-301F-11D3-BF4B-00C04F79EFBC}") = "Unity.PlasticSCM.Editor", "Unity.PlasticSCM.Editor.csproj", "{cd756020-0397-66f8-8cd3-869cc231e0a5}"
EndProject
Project("{FAE04EC0-301F-11D3-BF4B-00C04F79EFBC}") = "Unity.ShaderGraph.Editor", "Unity.ShaderGraph.Editor.csproj", "{a63e0a5e-75af-6d77-685d-c6b7caa393ff}"
EndProject
Project("{FAE04EC0-301F-11D3-BF4B-00C04F79EFBC}") = "Unity.RenderPipelines.Core.Runtime", "Unity.RenderPipelines.Core.Runtime.csproj", "{836a3d74-52e5-99a1-1c4e-2cc569704913}"
EndProject
Project("{FAE04EC0-301F-11D3-BF4B-00C04F79EFBC}") = "Unity.Mathematics", "Unity.Mathematics.csproj", "{b4d78691-2f55-11c4-fb1e-9dcd6f3a9d18}"
EndProject
Project("{FAE04EC0-301F-11D3-BF4B-00C04F79EFBC}") = "Unity.Timeline.Editor", "Unity.Timeline.Editor.csproj", "{0a16a806-5958-0c26-8d7b-177aef0944fe}"
EndProject
Project("{FAE04EC0-301F-11D3-BF4B-00C04F79EFBC}") = "Unity.Multiplayer.Center.Editor", "Unity.Multiplayer.Center.Editor.csproj", "{83d9d64e-3f4d-eb5a-1c09-948abaeefae6}"
EndProject
Project("{FAE04EC0-301F-11D3-BF4B-00C04F79EFBC}") = "Unity.RenderPipelines.Core.Editor", "Unity.RenderPipelines.Core.Editor.csproj", "{b65415a9-7799-fcbd-c766-810a0334e391}"
EndProject
Project("{FAE04EC0-301F-11D3-BF4B-00C04F79EFBC}") = "Unity.Collections", "Unity.Collections.csproj", "{e5de6688-e077-71eb-6c6d-64816f852a81}"
EndProject
Project("{FAE04EC0-301F-11D3-BF4B-00C04F79EFBC}") = "UnityEngine.UI", "UnityEngine.UI.csproj", "{02d580ec-79ca-9ddb-e9c2-4dc43224d8e0}"
EndProject
Project("{FAE04EC0-301F-11D3-BF4B-00C04F79EFBC}") = "Unity.RenderPipelines.Universal.2D.Runtime", "Unity.RenderPipelines.Universal.2D.Runtime.csproj", "{ff18c84d-855d-59ac-e44f-85406b55e4aa}"
EndProject
Project("{FAE04EC0-301F-11D3-BF4B-00C04F79EFBC}") = "Unity.VisualScripting.Core.Editor", "Unity.VisualScripting.Core.Editor.csproj", "{2ef06eb4-ffd2-e7cc-b5b6-3708ae74fbf8}"
EndProject
Project("{FAE04EC0-301F-11D3-BF4B-00C04F79EFBC}") = "Unity.RenderPipelines.Universal.Editor", "Unity.RenderPipelines.Universal.Editor.csproj", "{b962e8b6-53fe-a3c9-67da-19088fc17243}"
EndProject
Project("{FAE04EC0-301F-11D3-BF4B-00C04F79EFBC}") = "Unity.PerformanceTesting.Editor", "Unity.PerformanceTesting.Editor.csproj", "{2f199605-73b4-218f-7eff-3a1088569953}"
EndProject
Project("{FAE04EC0-301F-11D3-BF4B-00C04F79EFBC}") = "UnityEngine.TestRunner", "UnityEngine.TestRunner.csproj", "{abcaa1fc-1007-d617-04e1-c25ba388a407}"
EndProject
Project("{FAE04EC0-301F-11D3-BF4B-00C04F79EFBC}") = "Unity.Burst", "Unity.Burst.csproj", "{b662d650-6e4d-1991-a925-a96e1ecab027}"
EndProject
Project("{FAE04EC0-301F-11D3-BF4B-00C04F79EFBC}") = "Unity.VisualScripting.Flow.Editor", "Unity.VisualScripting.Flow.Editor.csproj", "{06b49a4f-eb7f-acc7-e5a9-bc9aec708057}"
EndProject
Project("{FAE04EC0-301F-11D3-BF4B-00C04F79EFBC}") = "Unity.VisualStudio.Editor", "Unity.VisualStudio.Editor.csproj", "{bd8726ed-5977-48f0-0445-fc42a8508c1d}"
EndProject
Project("{FAE04EC0-301F-11D3-BF4B-00C04F79EFBC}") = "Unity.InputSystem", "Unity.InputSystem.csproj", "{8a22e744-d32e-09b6-737a-7672e79b00af}"
EndProject
Project("{FAE04EC0-301F-11D3-BF4B-00C04F79EFBC}") = "PPv2URPConverters", "PPv2URPConverters.csproj", "{ea486844-c14f-f7b6-bcad-3faf7044014c}"
EndProject
Project("{FAE04EC0-301F-11D3-BF4B-00C04F79EFBC}") = "Unity.Searcher.Editor", "Unity.Searcher.Editor.csproj", "{db5777d2-2ffc-793c-3777-29e81db93eb7}"
EndProject
Project("{FAE04EC0-301F-11D3-BF4B-00C04F79EFBC}") = "UnityEditor.TestRunner", "UnityEditor.TestRunner.csproj", "{77d99daa-c23d-42d8-8db5-87130fd92618}"
EndProject
Project("{FAE04EC0-301F-11D3-BF4B-00C04F79EFBC}") = "Unity.VisualScripting.Core", "Unity.VisualScripting.Core.csproj", "{53955379-f330-f2ca-b33d-0a89badbd211}"
EndProject
Project("{FAE04EC0-301F-11D3-BF4B-00C04F79EFBC}") = "Unity.RenderPipelines.Universal.Runtime", "Unity.RenderPipelines.Universal.Runtime.csproj", "{39927a1b-d6a9-2adf-6681-d46eaa4a646d}"
EndProject
Project("{FAE04EC0-301F-11D3-BF4B-00C04F79EFBC}") = "Unity.UnifiedRayTracing.Runtime", "Unity.UnifiedRayTracing.Runtime.csproj", "{b9c317ed-f323-ca68-aa4f-57dc59887a75}"
EndProject
Project("{FAE04EC0-301F-11D3-BF4B-00C04F79EFBC}") = "Unity.AI.Navigation.Editor.ConversionSystem", "Unity.AI.Navigation.Editor.ConversionSystem.csproj", "{e4bb8130-ccec-dc04-cc19-6dce13a1d762}"
EndProject
Project("{FAE04EC0-301F-11D3-BF4B-00C04F79EFBC}") = "Unity.VisualScripting.State.Editor", "Unity.VisualScripting.State.Editor.csproj", "{5c0afca5-fc37-6fee-254f-2ae722d25821}"
EndProject
Project("{FAE04EC0-301F-11D3-BF4B-00C04F79EFBC}") = "Unity.Burst.CodeGen", "Unity.Burst.CodeGen.csproj", "{a1b2c6ac-ebc0-1297-375f-68b5d6978251}"
EndProject
Project("{FAE04EC0-301F-11D3-BF4B-00C04F79EFBC}") = "Unity.VisualScripting.Flow", "Unity.VisualScripting.Flow.csproj", "{cc92ed42-2be1-0ff1-f0ae-3032b997a0d7}"
EndProject
Project("{FAE04EC0-301F-11D3-BF4B-00C04F79EFBC}") = "Unity.PerformanceTesting", "Unity.PerformanceTesting.csproj", "{3c5dc30c-5781-ab55-a688-4f0cabff1395}"
EndProject
Project("{FAE04EC0-301F-11D3-BF4B-00C04F79EFBC}") = "Unity.TextMeshPro", "Unity.TextMeshPro.csproj", "{f4fd9a18-9e1e-8907-3cf2-4523240027a3}"
EndProject
Project("{FAE04EC0-301F-11D3-BF4B-00C04F79EFBC}") = "Unity.TextMeshPro.Editor", "Unity.TextMeshPro.Editor.csproj", "{9bfe2116-f1e2-7b07-0912-ab63fbf0fcde}"
EndProject
Project("{FAE04EC0-301F-11D3-BF4B-00C04F79EFBC}") = "Unity.Burst.Editor", "Unity.Burst.Editor.csproj", "{fad94048-46ba-2e16-6012-8efe37c3db2c}"
EndProject
Project("{FAE04EC0-301F-11D3-BF4B-00C04F79EFBC}") = "Unity.Rider.Editor", "Unity.Rider.Editor.csproj", "{3203d75a-7114-d503-8252-8b42058300c2}"
EndProject
Project("{FAE04EC0-301F-11D3-BF4B-00C04F79EFBC}") = "Unity.VisualScripting.State", "Unity.VisualScripting.State.csproj", "{cc2b819d-90ed-c2eb-0391-93f1a7c48a16}"
EndProject
Project("{FAE04EC0-301F-11D3-BF4B-00C04F79EFBC}") = "Unity.AI.Navigation.Updater", "Unity.AI.Navigation.Updater.csproj", "{cf01d24e-2aaf-2357-7897-f94d997e5647}"
EndProject
Project("{FAE04EC0-301F-11D3-BF4B-00C04F79EFBC}") = "UnityEditor.UI", "UnityEditor.UI.csproj", "{00208e56-b3d6-af19-ac1d-f49dbde08766}"
EndProject
Project("{FAE04EC0-301F-11D3-BF4B-00C04F79EFBC}") = "Unity.RenderPipelines.Universal.2D.Editor.Overrides", "Unity.RenderPipelines.Universal.2D.Editor.Overrides.csproj", "{95144032-591e-b930-e4c1-71da3ea55f0d}"
EndProject
Project("{FAE04EC0-301F-11D3-BF4B-00C04F79EFBC}") = "Unity.AI.Navigation.Editor", "Unity.AI.Navigation.Editor.csproj", "{1627de22-eba1-7438-65c1-fa05a9accad3}"
EndProject
Project("{FAE04EC0-301F-11D3-BF4B-00C04F79EFBC}") = "Unity.Multiplayer.Center.Common", "Unity.Multiplayer.Center.Common.csproj", "{31087a44-d0b9-f1f2-ae99-170d63525515}"
EndProject
Project("{FAE04EC0-301F-11D3-BF4B-00C04F79EFBC}") = "Unity.InputSystem.ForUI", "Unity.InputSystem.ForUI.csproj", "{8fa2d3e5-1e14-9c35-f291-20060a976d58}"
EndProject
Project("{FAE04EC0-301F-11D3-BF4B-00C04F79EFBC}") = "Unity.AI.Navigation", "Unity.AI.Navigation.csproj", "{1b741c1f-4d50-aefe-7ac6-8c47f35f7bb2}"
EndProject
Project("{FAE04EC0-301F-11D3-BF4B-00C04F79EFBC}") = "Unity.Collections.CodeGen", "Unity.Collections.CodeGen.csproj", "{7d7412c2-95ca-f2c4-66cd-10ccbc6246f8}"
EndProject
Project("{FAE04EC0-301F-11D3-BF4B-00C04F79EFBC}") = "Unity.Mathematics.Editor", "Unity.Mathematics.Editor.csproj", "{2556fbe4-e744-3d3d-e89e-29a6b0bf7cd9}"
EndProject
Project("{FAE04EC0-301F-11D3-BF4B-00C04F79EFBC}") = "Unity.VisualScripting.SettingsProvider.Editor", "Unity.VisualScripting.SettingsProvider.Editor.csproj", "{c9f634bd-eb0f-70bd-7d78-4a5f93455f50}"
EndProject
Project("{FAE04EC0-301F-11D3-BF4B-00C04F79EFBC}") = "UnityEditor.UI.Analytics", "UnityEditor.UI.Analytics.csproj", "{936adf36-b651-4901-3363-8d0dde8e7e36}"
EndProject
Project("{FAE04EC0-301F-11D3-BF4B-00C04F79EFBC}") = "Assembly-CSharp-Editor", "Assembly-CSharp-Editor.csproj", "{21c23c5f-3ea2-2cd1-8152-2c2a728a06a2}"
EndProject
Project("{FAE04EC0-301F-11D3-BF4B-00C04F79EFBC}") = "Unity.InputSystem.TestFramework", "Unity.InputSystem.TestFramework.csproj", "{26ce617e-0852-3350-9ac1-735acf1b24e1}"
EndProject
Project("{FAE04EC0-301F-11D3-BF4B-00C04F79EFBC}") = "Unity.ShaderGraph.Utilities", "Unity.ShaderGraph.Utilities.csproj", "{9c321912-8019-652c-4413-16bebd617004}"
EndProject
Project("{FAE04EC0-301F-11D3-BF4B-00C04F79EFBC}") = "Unity.VisualScripting.Shared.Editor", "Unity.VisualScripting.Shared.Editor.csproj", "{33e2361d-848b-768f-3d35-b079778e3bcf}"
EndProject
Project("{FAE04EC0-301F-11D3-BF4B-00C04F79EFBC}") = "Unity.CollabProxy.Editor", "Unity.CollabProxy.Editor.csproj", "{d3b07544-231d-841d-b2e4-6415be81dec8}"
EndProject
Project("{FAE04EC0-301F-11D3-BF4B-00C04F79EFBC}") = "Unity.RenderPipeline.Universal.ShaderLibrary", "Unity.RenderPipeline.Universal.ShaderLibrary.csproj", "{d183d60d-a8e3-68ba-be53-6565c3f9cf6a}"
EndProject
Project("{FAE04EC0-301F-11D3-BF4B-00C04F79EFBC}") = "Unity.InputSystem.DocCodeSamples", "Unity.InputSystem.DocCodeSamples.csproj", "{f720a752-17f6-f9ac-7056-005d6f73c01a}"
EndProject
Project("{FAE04EC0-301F-11D3-BF4B-00C04F79EFBC}") = "Unity.RenderPipelines.Universal.Shaders", "Unity.RenderPipelines.Universal.Shaders.csproj", "{bbcf90ce-0207-2f7c-0417-0ec5ad67e7b4}"
EndProject
Project("{FAE04EC0-301F-11D3-BF4B-00C04F79EFBC}") = "Unity.RenderPipelines.Core.Runtime.Shared", "Unity.RenderPipelines.Core.Runtime.Shared.csproj", "{ed3c6285-130e-0e5e-749c-7423ffb6b686}"
EndProject
Project("{FAE04EC0-301F-11D3-BF4B-00C04F79EFBC}") = "Unity.InternalAPIEngineBridge.004", "Unity.InternalAPIEngineBridge.004.csproj", "{6f63e395-a058-2bae-858b-9fdfd297db4a}"
EndProject
Project("{FAE04EC0-301F-11D3-BF4B-00C04F79EFBC}") = "Unity.RenderPipelines.Core.Editor.Shared", "Unity.RenderPipelines.Core.Editor.Shared.csproj", "{3e4a7daf-72ca-a1d6-a143-7388c0241091}"
EndProject
Project("{FAE04EC0-301F-11D3-BF4B-00C04F79EFBC}") = "Assembly-CSharp", "Assembly-CSharp.csproj", "{73c4c8cb-d7f1-7aef-2291-5d27993d2f5f}"
EndProject
Project("{FAE04EC0-301F-11D3-BF4B-00C04F79EFBC}") = "Unity.VisualScripting.DocCodeExamples", "Unity.VisualScripting.DocCodeExamples.csproj", "{f25aff9f-0b01-60bb-3456-cc43d086a7d2}"
EndProject
Project("{FAE04EC0-301F-11D3-BF4B-00C04F79EFBC}") = "Unity.PlasticSCM.Editor.Entities", "Unity.PlasticSCM.Editor.Entities.csproj", "{b83070bf-4f33-0ee3-0a5d-2da6f529442a}"
EndProject
Project("{FAE04EC0-301F-11D3-BF4B-00C04F79EFBC}") = "Unity.Rendering.LightTransport.Editor", "Unity.Rendering.LightTransport.Editor.csproj", "{1a2d5022-5f82-8bfc-0fb0-a19f58ba5c66}"
EndProject
Project("{FAE04EC0-301F-11D3-BF4B-00C04F79EFBC}") = "Unity.Collections.Editor", "Unity.Collections.Editor.csproj", "{6db5ab80-7d2e-e4ec-6ced-cc7575b8895f}"
EndProject
Project("{FAE04EC0-301F-11D3-BF4B-00C04F79EFBC}") = "Unity.RenderPipelines.Universal.Config.Runtime", "Unity.RenderPipelines.Universal.Config.Runtime.csproj", "{e822ea41-e465-8ae9-0835-9be247984831}"
EndProject
Project("{FAE04EC0-301F-11D3-BF4B-00C04F79EFBC}") = "Unity.RenderPipelines.ShaderGraph.ShaderGraphLibrary", "Unity.RenderPipelines.ShaderGraph.ShaderGraphLibrary.csproj", "{a0ef197c-d1d5-3038-68e4-5425167531a5}"
EndProject
Project("{FAE04EC0-301F-11D3-BF4B-00C04F79EFBC}") = "Unity.RenderPipelines.Core.ShaderLibrary", "Unity.RenderPipelines.Core.ShaderLibrary.csproj", "{2f4930b4-4e72-7fac-4b1d-ba28364dfd12}"
EndProject
Project("{FAE04EC0-301F-11D3-BF4B-00C04F79EFBC}") = "Unity.Timeline", "Unity.Timeline.Player.csproj", "{b6752458-bd4c-5879-b00f-314885527bbc}"
EndProject
Project("{FAE04EC0-301F-11D3-BF4B-00C04F79EFBC}") = "Unity.RenderPipelines.GPUDriven.Runtime", "Unity.RenderPipelines.GPUDriven.Runtime.Player.csproj", "{b49d7d69-9110-341a-2f51-ae7aef84cd49}"
EndProject
Project("{FAE04EC0-301F-11D3-BF4B-00C04F79EFBC}") = "Unity.RenderPipelines.Core.Runtime", "Unity.RenderPipelines.Core.Runtime.Player.csproj", "{4d040e4d-2eb3-fc79-a4b7-09cffbd2ec37}"
EndProject
Project("{FAE04EC0-301F-11D3-BF4B-00C04F79EFBC}") = "Unity.Mathematics", "Unity.Mathematics.Player.csproj", "{a7a2b431-4339-1396-988a-10dabc954a0c}"
EndProject
Project("{FAE04EC0-301F-11D3-BF4B-00C04F79EFBC}") = "Unity.Collections", "Unity.Collections.Player.csproj", "{127bbb03-bd45-e0dd-c2dd-811ad7cd9d98}"
EndProject
Project("{FAE04EC0-301F-11D3-BF4B-00C04F79EFBC}") = "UnityEngine.UI", "UnityEngine.UI.Player.csproj", "{2b7f07fe-a2b4-7d52-254b-6fac9beb5639}"
EndProject
Project("{FAE04EC0-301F-11D3-BF4B-00C04F79EFBC}") = "Unity.RenderPipelines.Universal.2D.Runtime", "Unity.RenderPipelines.Universal.2D.Runtime.Player.csproj", "{516c2775-c887-9981-238b-ea12c96715ef}"
EndProject
Project("{FAE04EC0-301F-11D3-BF4B-00C04F79EFBC}") = "UnityEngine.TestRunner", "UnityEngine.TestRunner.Player.csproj", "{b124e3b8-425f-0044-2a97-7f9a284f9afe}"
EndProject
Project("{FAE04EC0-301F-11D3-BF4B-00C04F79EFBC}") = "Unity.Burst", "Unity.Burst.Player.csproj", "{6f831ce4-adbd-b1be-ba26-a0c11264ac69}"
EndProject
Project("{FAE04EC0-301F-11D3-BF4B-00C04F79EFBC}") = "Unity.InputSystem", "Unity.InputSystem.Player.csproj", "{f361a573-79d1-20e4-8ec9-c03141e86098}"
EndProject
Project("{FAE04EC0-301F-11D3-BF4B-00C04F79EFBC}") = "Unity.VisualScripting.Core", "Unity.VisualScripting.Core.Player.csproj", "{b0ca08cb-3263-4c47-3e36-97a826f39725}"
EndProject
Project("{FAE04EC0-301F-11D3-BF4B-00C04F79EFBC}") = "Unity.RenderPipelines.Universal.Runtime", "Unity.RenderPipelines.Universal.Runtime.Player.csproj", "{80d36e27-cce6-0d49-cb92-3436bb313b1f}"
EndProject
Project("{FAE04EC0-301F-11D3-BF4B-00C04F79EFBC}") = "Unity.UnifiedRayTracing.Runtime", "Unity.UnifiedRayTracing.Runtime.Player.csproj", "{1e234601-6864-448f-3198-d76a98cf4ec3}"
EndProject
Project("{FAE04EC0-301F-11D3-BF4B-00C04F79EFBC}") = "Unity.VisualScripting.Flow", "Unity.VisualScripting.Flow.Player.csproj", "{dbf26cb7-a68d-d104-45e1-2e50b15636e0}"
EndProject
Project("{FAE04EC0-301F-11D3-BF4B-00C04F79EFBC}") = "Unity.PerformanceTesting", "Unity.PerformanceTesting.Player.csproj", "{509ee40d-6fcb-3762-e5da-84e48d55f942}"
EndProject
Project("{FAE04EC0-301F-11D3-BF4B-00C04F79EFBC}") = "Unity.TextMeshPro", "Unity.TextMeshPro.Player.csproj", "{dce1c976-2744-be7b-f7b2-160f3355da23}"
EndProject
Project("{FAE04EC0-301F-11D3-BF4B-00C04F79EFBC}") = "Unity.VisualScripting.State", "Unity.VisualScripting.State.Player.csproj", "{afcfe5eb-e04c-7be3-eea2-dc47b333cab0}"
EndProject
Project("{FAE04EC0-301F-11D3-BF4B-00C04F79EFBC}") = "Unity.Multiplayer.Center.Common", "Unity.Multiplayer.Center.Common.Player.csproj", "{1df23652-7d0c-b634-6855-3cbac8cdefe0}"
EndProject
Project("{FAE04EC0-301F-11D3-BF4B-00C04F79EFBC}") = "Unity.InputSystem.ForUI", "Unity.InputSystem.ForUI.Player.csproj", "{5860fd5f-01b7-793a-6520-a78fceb7c53b}"
EndProject
Project("{FAE04EC0-301F-11D3-BF4B-00C04F79EFBC}") = "Unity.AI.Navigation", "Unity.AI.Navigation.Player.csproj", "{e39f8429-95cb-0f2a-c5f4-0ccbc7be6d79}"
EndProject
Project("{FAE04EC0-301F-11D3-BF4B-00C04F79EFBC}") = "Unity.InputSystem.TestFramework", "Unity.InputSystem.TestFramework.Player.csproj", "{0666ebd0-abd8-6574-3371-d9264b85c341}"
EndProject
Project("{FAE04EC0-301F-11D3-BF4B-00C04F79EFBC}") = "Unity.RenderPipeline.Universal.ShaderLibrary", "Unity.RenderPipeline.Universal.ShaderLibrary.Player.csproj", "{62cfa486-8c61-44b2-9121-6126ad35a424}"
EndProject
Project("{FAE04EC0-301F-11D3-BF4B-00C04F79EFBC}") = "Unity.RenderPipelines.Universal.Shaders", "Unity.RenderPipelines.Universal.Shaders.Player.csproj", "{a449e26f-67c3-371a-8de2-0b8e3f4c7a84}"
EndProject
Project("{FAE04EC0-301F-11D3-BF4B-00C04F79EFBC}") = "Unity.RenderPipelines.Core.Runtime.Shared", "Unity.RenderPipelines.Core.Runtime.Shared.Player.csproj", "{3f0623ee-fd0e-f734-9670-df22f01034ca}"
EndProject
Project("{FAE04EC0-301F-11D3-BF4B-00C04F79EFBC}") = "Unity.InternalAPIEngineBridge.004", "Unity.InternalAPIEngineBridge.004.Player.csproj", "{592aef30-189a-4e36-05ae-7cbac5c06382}"
EndProject
Project("{FAE04EC0-301F-11D3-BF4B-00C04F79EFBC}") = "Assembly-CSharp", "Assembly-CSharp.Player.csproj", "{bbda02d8-58a0-201b-881c-037b94977fd5}"
EndProject
Project("{FAE04EC0-301F-11D3-BF4B-00C04F79EFBC}") = "Unity.VisualScripting.DocCodeExamples", "Unity.VisualScripting.DocCodeExamples.Player.csproj", "{674cecdd-30ba-aa8a-7515-988577ed1f0f}"
EndProject
Project("{FAE04EC0-301F-11D3-BF4B-00C04F79EFBC}") = "Unity.RenderPipelines.Universal.Config.Runtime", "Unity.RenderPipelines.Universal.Config.Runtime.Player.csproj", "{93372ffe-032b-4bb2-16c1-6b28ac4aaa65}"
EndProject
Project("{FAE04EC0-301F-11D3-BF4B-00C04F79EFBC}") = "Unity.RenderPipelines.ShaderGraph.ShaderGraphLibrary", "Unity.RenderPipelines.ShaderGraph.ShaderGraphLibrary.Player.csproj", "{4dc902d0-94ae-fd8f-d973-6b3802027799}"
EndProject
Project("{FAE04EC0-301F-11D3-BF4B-00C04F79EFBC}") = "Unity.RenderPipelines.Core.ShaderLibrary", "Unity.RenderPipelines.Core.ShaderLibrary.Player.csproj", "{f9445b1f-7444-7bd2-72ac-2f01a4cb5c38}"
EndProject
Project("{FAE04EC0-301F-11D3-BF4B-00C04F79EFBC}") = "TestNewCustomAssembly", "TestNewCustomAssembly.csproj", "{aa8d0a87-9f27-f0e0-dbc4-8484c67e9795}"
EndProject
Project("{FAE04EC0-301F-11D3-BF4B-00C04F79EFBC}") = "Unity.RenderPipelines.Universal.Editor.Tests", "Unity.RenderPipelines.Universal.Editor.Tests.csproj", "{c86ea32c-8c78-247c-5b42-24fdafe2cb3e}"
EndProject
Project("{FAE04EC0-301F-11D3-BF4B-00C04F79EFBC}") = "Unity.Mathematics.Tests", "Unity.Mathematics.Tests.csproj", "{ebd21ca2-b763-507d-26aa-2bf8ea7256de}"
EndProject
Project("{FAE04EC0-301F-11D3-BF4B-00C04F79EFBC}") = "Unity.RenderPipelines.Core.Editor.Tests", "Unity.RenderPipelines.Core.Editor.Tests.csproj", "{09fbbaca-3f44-94aa-c3e1-59fd52e23d7d}"
EndProject
Project("{FAE04EC0-301F-11D3-BF4B-00C04F79EFBC}") = "Unity.Collections.Tests", "Unity.Collections.Tests.csproj", "{17f983a7-506a-00c4-aaa1-7a3704bbcbc7}"
EndProject
Project("{FAE04EC0-301F-11D3-BF4B-00C04F79EFBC}") = "Unity.RenderPipelines.Universal.Config.Editor.Tests", "Unity.RenderPipelines.Universal.Config.Editor.Tests.csproj", "{fc8ead45-276a-9aeb-fb23-1d2c02a6fe82}"
EndProject
Project("{FAE04EC0-301F-11D3-BF4B-00C04F79EFBC}") = "Unity.Collections.DocCodeSamples", "Unity.Collections.DocCodeSamples.csproj", "{c9d23830-80b7-ec73-2d60-46d7e0da8665}"
EndProject
Project("{FAE04EC0-301F-11D3-BF4B-00C04F79EFBC}") = "Unity.Searcher.EditorTests", "Unity.Searcher.EditorTests.csproj", "{96a557b5-0f1f-5369-cd15-adb0e2a359ac}"
EndProject
Project("{FAE04EC0-301F-11D3-BF4B-00C04F79EFBC}") = "Unity.Collections.PerformanceTests", "Unity.Collections.PerformanceTests.csproj", "{f3b95d17-03f2-c2dc-672a-2324d37de18e}"
EndProject
Project("{FAE04EC0-301F-11D3-BF4B-00C04F79EFBC}") = "Unity.TextMeshPro.Editor.Tests", "Unity.TextMeshPro.Editor.Tests.csproj", "{6f6c41cc-fc52-1b45-2d02-a594b6f4b6c4}"
EndProject
Project("{FAE04EC0-301F-11D3-BF4B-00C04F79EFBC}") = "DocCodeExamples", "DocCodeExamples.csproj", "{de333621-bde4-2477-c7f1-e23eabda99ae}"
EndProject
Project("{FAE04EC0-301F-11D3-BF4B-00C04F79EFBC}") = "Unity.Multiplayer.Center.Tests", "Unity.Multiplayer.Center.Tests.csproj", "{67a72669-ae57-8bd4-46c7-b68803e17585}"
EndProject
Project("{FAE04EC0-301F-11D3-BF4B-00C04F79EFBC}") = "Unity.RenderPipelines.Core.Runtime.Tests", "Unity.RenderPipelines.Core.Runtime.Tests.csproj", "{5c1458cf-c50b-d68d-5eaa-f3002a11c530}"
EndProject
Project("{FAE04EC0-301F-11D3-BF4B-00C04F79EFBC}") = "Unity.Multiplayer.Center.Editor.Tests", "Unity.Multiplayer.Center.Editor.Tests.csproj", "{272d3c9d-2dd5-43b2-48dc-6e7a41d8b670}"
EndProject
Project("{FAE04EC0-301F-11D3-BF4B-00C04F79EFBC}") = "UnityEngine.UI.Tests", "UnityEngine.UI.Tests.csproj", "{f9691720-c595-f13e-7465-34d2ddbd34e6}"
EndProject
Project("{FAE04EC0-301F-11D3-BF4B-00C04F79EFBC}") = "Unity.InputSystem.IntegrationTests", "Unity.InputSystem.IntegrationTests.csproj", "{82d84ab8-baf9-27b2-ef1f-f11164a794b5}"
EndProject
Project("{FAE04EC0-301F-11D3-BF4B-00C04F79EFBC}") = "Unity.Collections.Tests.Playmode", "Unity.Collections.Tests.Playmode.csproj", "{fd49a819-eff1-b507-d577-a70db7d4b333}"
EndProject
Project("{FAE04EC0-301F-11D3-BF4B-00C04F79EFBC}") = "Unity.Nuget.Mono-Cecil", "Unity.Nuget.Mono-Cecil.csproj", "{2929ea3e-f15d-06ee-233d-20742a457e00}"
EndProject
Project("{FAE04EC0-301F-11D3-BF4B-00C04F79EFBC}") = "Unity.TextMeshPro.Tests", "Unity.TextMeshPro.Tests.csproj", "{f140795d-d549-6d44-b9ee-3172fda6082e}"
EndProject
Project("{FAE04EC0-301F-11D3-BF4B-00C04F79EFBC}") = "Unity.UnifiedRayTracing.Editor.Tests", "Unity.UnifiedRayTracing.Editor.Tests.csproj", "{06dceed9-43c2-807a-9e37-099fda7ba283}"
EndProject
Project("{FAE04EC0-301F-11D3-BF4B-00C04F79EFBC}") = "UnityEditor.UI.EditorTests", "UnityEditor.UI.EditorTests.csproj", "{1caf5c6f-5e17-61dd-e06a-676fe22116e7}"
EndProject
Project("{FAE04EC0-301F-11D3-BF4B-00C04F79EFBC}") = "Unity.RenderPipelines.Universal.Runtime.Tests", "Unity.RenderPipelines.Universal.Runtime.Tests.csproj", "{25977b0c-3ea0-3813-91d9-8ba9c2ea9a3b}"
EndProject
Project("{FAE04EC0-301F-11D3-BF4B-00C04F79EFBC}") = "Unity.Collections.BurstCompatibilityGen", "Unity.Collections.BurstCompatibilityGen.csproj", "{d1f87510-9f45-8239-a0a1-dc32d1cf9655}"
EndProject
Project("{FAE04EC0-301F-11D3-BF4B-00C04F79EFBC}") = "Unity.ShaderGraph.Editor.Tests", "Unity.ShaderGraph.Editor.Tests.csproj", "{a0071acc-78ae-9dc4-d00e-18cef617fce2}"
EndProject
Global
	GlobalSection(SolutionConfigurationPlatforms) = preSolution
		Debug|Any CPU = Debug|Any CPU
	EndGlobalSection
	GlobalSection(ProjectConfigurationPlatforms) = postSolution
		{3ba05d45-0e78-c9d1-3d9c-d1cb1111f03d}.Debug|Any CPU.ActiveCfg = Debug|Any CPU
		{3ba05d45-0e78-c9d1-3d9c-d1cb1111f03d}.Debug|Any CPU.Build.0 = Debug|Any CPU
		{05dff640-b17e-315b-4a0a-711d3b3b6f97}.Debug|Any CPU.ActiveCfg = Debug|Any CPU
		{05dff640-b17e-315b-4a0a-711d3b3b6f97}.Debug|Any CPU.Build.0 = Debug|Any CPU
		{cd756020-0397-66f8-8cd3-869cc231e0a5}.Debug|Any CPU.ActiveCfg = Debug|Any CPU
		{cd756020-0397-66f8-8cd3-869cc231e0a5}.Debug|Any CPU.Build.0 = Debug|Any CPU
		{a63e0a5e-75af-6d77-685d-c6b7caa393ff}.Debug|Any CPU.ActiveCfg = Debug|Any CPU
		{a63e0a5e-75af-6d77-685d-c6b7caa393ff}.Debug|Any CPU.Build.0 = Debug|Any CPU
		{836a3d74-52e5-99a1-1c4e-2cc569704913}.Debug|Any CPU.ActiveCfg = Debug|Any CPU
		{836a3d74-52e5-99a1-1c4e-2cc569704913}.Debug|Any CPU.Build.0 = Debug|Any CPU
		{b4d78691-2f55-11c4-fb1e-9dcd6f3a9d18}.Debug|Any CPU.ActiveCfg = Debug|Any CPU
		{b4d78691-2f55-11c4-fb1e-9dcd6f3a9d18}.Debug|Any CPU.Build.0 = Debug|Any CPU
		{0a16a806-5958-0c26-8d7b-177aef0944fe}.Debug|Any CPU.ActiveCfg = Debug|Any CPU
		{0a16a806-5958-0c26-8d7b-177aef0944fe}.Debug|Any CPU.Build.0 = Debug|Any CPU
		{83d9d64e-3f4d-eb5a-1c09-948abaeefae6}.Debug|Any CPU.ActiveCfg = Debug|Any CPU
		{83d9d64e-3f4d-eb5a-1c09-948abaeefae6}.Debug|Any CPU.Build.0 = Debug|Any CPU
		{b65415a9-7799-fcbd-c766-810a0334e391}.Debug|Any CPU.ActiveCfg = Debug|Any CPU
		{b65415a9-7799-fcbd-c766-810a0334e391}.Debug|Any CPU.Build.0 = Debug|Any CPU
		{e5de6688-e077-71eb-6c6d-64816f852a81}.Debug|Any CPU.ActiveCfg = Debug|Any CPU
		{e5de6688-e077-71eb-6c6d-64816f852a81}.Debug|Any CPU.Build.0 = Debug|Any CPU
		{02d580ec-79ca-9ddb-e9c2-4dc43224d8e0}.Debug|Any CPU.ActiveCfg = Debug|Any CPU
		{02d580ec-79ca-9ddb-e9c2-4dc43224d8e0}.Debug|Any CPU.Build.0 = Debug|Any CPU
		{ff18c84d-855d-59ac-e44f-85406b55e4aa}.Debug|Any CPU.ActiveCfg = Debug|Any CPU
		{ff18c84d-855d-59ac-e44f-85406b55e4aa}.Debug|Any CPU.Build.0 = Debug|Any CPU
		{2ef06eb4-ffd2-e7cc-b5b6-3708ae74fbf8}.Debug|Any CPU.ActiveCfg = Debug|Any CPU
		{2ef06eb4-ffd2-e7cc-b5b6-3708ae74fbf8}.Debug|Any CPU.Build.0 = Debug|Any CPU
		{b962e8b6-53fe-a3c9-67da-19088fc17243}.Debug|Any CPU.ActiveCfg = Debug|Any CPU
		{b962e8b6-53fe-a3c9-67da-19088fc17243}.Debug|Any CPU.Build.0 = Debug|Any CPU
		{2f199605-73b4-218f-7eff-3a1088569953}.Debug|Any CPU.ActiveCfg = Debug|Any CPU
		{2f199605-73b4-218f-7eff-3a1088569953}.Debug|Any CPU.Build.0 = Debug|Any CPU
		{abcaa1fc-1007-d617-04e1-c25ba388a407}.Debug|Any CPU.ActiveCfg = Debug|Any CPU
		{abcaa1fc-1007-d617-04e1-c25ba388a407}.Debug|Any CPU.Build.0 = Debug|Any CPU
		{b662d650-6e4d-1991-a925-a96e1ecab027}.Debug|Any CPU.ActiveCfg = Debug|Any CPU
		{b662d650-6e4d-1991-a925-a96e1ecab027}.Debug|Any CPU.Build.0 = Debug|Any CPU
		{06b49a4f-eb7f-acc7-e5a9-bc9aec708057}.Debug|Any CPU.ActiveCfg = Debug|Any CPU
		{06b49a4f-eb7f-acc7-e5a9-bc9aec708057}.Debug|Any CPU.Build.0 = Debug|Any CPU
		{bd8726ed-5977-48f0-0445-fc42a8508c1d}.Debug|Any CPU.ActiveCfg = Debug|Any CPU
		{bd8726ed-5977-48f0-0445-fc42a8508c1d}.Debug|Any CPU.Build.0 = Debug|Any CPU
		{8a22e744-d32e-09b6-737a-7672e79b00af}.Debug|Any CPU.ActiveCfg = Debug|Any CPU
		{8a22e744-d32e-09b6-737a-7672e79b00af}.Debug|Any CPU.Build.0 = Debug|Any CPU
		{ea486844-c14f-f7b6-bcad-3faf7044014c}.Debug|Any CPU.ActiveCfg = Debug|Any CPU
		{ea486844-c14f-f7b6-bcad-3faf7044014c}.Debug|Any CPU.Build.0 = Debug|Any CPU
		{db5777d2-2ffc-793c-3777-29e81db93eb7}.Debug|Any CPU.ActiveCfg = Debug|Any CPU
		{db5777d2-2ffc-793c-3777-29e81db93eb7}.Debug|Any CPU.Build.0 = Debug|Any CPU
		{77d99daa-c23d-42d8-8db5-87130fd92618}.Debug|Any CPU.ActiveCfg = Debug|Any CPU
		{77d99daa-c23d-42d8-8db5-87130fd92618}.Debug|Any CPU.Build.0 = Debug|Any CPU
		{53955379-f330-f2ca-b33d-0a89badbd211}.Debug|Any CPU.ActiveCfg = Debug|Any CPU
		{53955379-f330-f2ca-b33d-0a89badbd211}.Debug|Any CPU.Build.0 = Debug|Any CPU
		{39927a1b-d6a9-2adf-6681-d46eaa4a646d}.Debug|Any CPU.ActiveCfg = Debug|Any CPU
		{39927a1b-d6a9-2adf-6681-d46eaa4a646d}.Debug|Any CPU.Build.0 = Debug|Any CPU
		{b9c317ed-f323-ca68-aa4f-57dc59887a75}.Debug|Any CPU.ActiveCfg = Debug|Any CPU
		{b9c317ed-f323-ca68-aa4f-57dc59887a75}.Debug|Any CPU.Build.0 = Debug|Any CPU
		{e4bb8130-ccec-dc04-cc19-6dce13a1d762}.Debug|Any CPU.ActiveCfg = Debug|Any CPU
		{e4bb8130-ccec-dc04-cc19-6dce13a1d762}.Debug|Any CPU.Build.0 = Debug|Any CPU
		{5c0afca5-fc37-6fee-254f-2ae722d25821}.Debug|Any CPU.ActiveCfg = Debug|Any CPU
		{5c0afca5-fc37-6fee-254f-2ae722d25821}.Debug|Any CPU.Build.0 = Debug|Any CPU
		{a1b2c6ac-ebc0-1297-375f-68b5d6978251}.Debug|Any CPU.ActiveCfg = Debug|Any CPU
		{a1b2c6ac-ebc0-1297-375f-68b5d6978251}.Debug|Any CPU.Build.0 = Debug|Any CPU
		{cc92ed42-2be1-0ff1-f0ae-3032b997a0d7}.Debug|Any CPU.ActiveCfg = Debug|Any CPU
		{cc92ed42-2be1-0ff1-f0ae-3032b997a0d7}.Debug|Any CPU.Build.0 = Debug|Any CPU
		{3c5dc30c-5781-ab55-a688-4f0cabff1395}.Debug|Any CPU.ActiveCfg = Debug|Any CPU
		{3c5dc30c-5781-ab55-a688-4f0cabff1395}.Debug|Any CPU.Build.0 = Debug|Any CPU
		{f4fd9a18-9e1e-8907-3cf2-4523240027a3}.Debug|Any CPU.ActiveCfg = Debug|Any CPU
		{f4fd9a18-9e1e-8907-3cf2-4523240027a3}.Debug|Any CPU.Build.0 = Debug|Any CPU
		{9bfe2116-f1e2-7b07-0912-ab63fbf0fcde}.Debug|Any CPU.ActiveCfg = Debug|Any CPU
		{9bfe2116-f1e2-7b07-0912-ab63fbf0fcde}.Debug|Any CPU.Build.0 = Debug|Any CPU
		{fad94048-46ba-2e16-6012-8efe37c3db2c}.Debug|Any CPU.ActiveCfg = Debug|Any CPU
		{fad94048-46ba-2e16-6012-8efe37c3db2c}.Debug|Any CPU.Build.0 = Debug|Any CPU
		{3203d75a-7114-d503-8252-8b42058300c2}.Debug|Any CPU.ActiveCfg = Debug|Any CPU
		{3203d75a-7114-d503-8252-8b42058300c2}.Debug|Any CPU.Build.0 = Debug|Any CPU
		{cc2b819d-90ed-c2eb-0391-93f1a7c48a16}.Debug|Any CPU.ActiveCfg = Debug|Any CPU
		{cc2b819d-90ed-c2eb-0391-93f1a7c48a16}.Debug|Any CPU.Build.0 = Debug|Any CPU
		{cf01d24e-2aaf-2357-7897-f94d997e5647}.Debug|Any CPU.ActiveCfg = Debug|Any CPU
		{cf01d24e-2aaf-2357-7897-f94d997e5647}.Debug|Any CPU.Build.0 = Debug|Any CPU
		{00208e56-b3d6-af19-ac1d-f49dbde08766}.Debug|Any CPU.ActiveCfg = Debug|Any CPU
		{00208e56-b3d6-af19-ac1d-f49dbde08766}.Debug|Any CPU.Build.0 = Debug|Any CPU
		{95144032-591e-b930-e4c1-71da3ea55f0d}.Debug|Any CPU.ActiveCfg = Debug|Any CPU
		{95144032-591e-b930-e4c1-71da3ea55f0d}.Debug|Any CPU.Build.0 = Debug|Any CPU
		{1627de22-eba1-7438-65c1-fa05a9accad3}.Debug|Any CPU.ActiveCfg = Debug|Any CPU
		{1627de22-eba1-7438-65c1-fa05a9accad3}.Debug|Any CPU.Build.0 = Debug|Any CPU
		{31087a44-d0b9-f1f2-ae99-170d63525515}.Debug|Any CPU.ActiveCfg = Debug|Any CPU
		{31087a44-d0b9-f1f2-ae99-170d63525515}.Debug|Any CPU.Build.0 = Debug|Any CPU
		{8fa2d3e5-1e14-9c35-f291-20060a976d58}.Debug|Any CPU.ActiveCfg = Debug|Any CPU
		{8fa2d3e5-1e14-9c35-f291-20060a976d58}.Debug|Any CPU.Build.0 = Debug|Any CPU
		{1b741c1f-4d50-aefe-7ac6-8c47f35f7bb2}.Debug|Any CPU.ActiveCfg = Debug|Any CPU
		{1b741c1f-4d50-aefe-7ac6-8c47f35f7bb2}.Debug|Any CPU.Build.0 = Debug|Any CPU
		{7d7412c2-95ca-f2c4-66cd-10ccbc6246f8}.Debug|Any CPU.ActiveCfg = Debug|Any CPU
		{7d7412c2-95ca-f2c4-66cd-10ccbc6246f8}.Debug|Any CPU.Build.0 = Debug|Any CPU
		{2556fbe4-e744-3d3d-e89e-29a6b0bf7cd9}.Debug|Any CPU.ActiveCfg = Debug|Any CPU
		{2556fbe4-e744-3d3d-e89e-29a6b0bf7cd9}.Debug|Any CPU.Build.0 = Debug|Any CPU
		{c9f634bd-eb0f-70bd-7d78-4a5f93455f50}.Debug|Any CPU.ActiveCfg = Debug|Any CPU
		{c9f634bd-eb0f-70bd-7d78-4a5f93455f50}.Debug|Any CPU.Build.0 = Debug|Any CPU
		{936adf36-b651-4901-3363-8d0dde8e7e36}.Debug|Any CPU.ActiveCfg = Debug|Any CPU
		{936adf36-b651-4901-3363-8d0dde8e7e36}.Debug|Any CPU.Build.0 = Debug|Any CPU
		{21c23c5f-3ea2-2cd1-8152-2c2a728a06a2}.Debug|Any CPU.ActiveCfg = Debug|Any CPU
		{21c23c5f-3ea2-2cd1-8152-2c2a728a06a2}.Debug|Any CPU.Build.0 = Debug|Any CPU
		{26ce617e-0852-3350-9ac1-735acf1b24e1}.Debug|Any CPU.ActiveCfg = Debug|Any CPU
		{26ce617e-0852-3350-9ac1-735acf1b24e1}.Debug|Any CPU.Build.0 = Debug|Any CPU
		{9c321912-8019-652c-4413-16bebd617004}.Debug|Any CPU.ActiveCfg = Debug|Any CPU
		{9c321912-8019-652c-4413-16bebd617004}.Debug|Any CPU.Build.0 = Debug|Any CPU
		{33e2361d-848b-768f-3d35-b079778e3bcf}.Debug|Any CPU.ActiveCfg = Debug|Any CPU
		{33e2361d-848b-768f-3d35-b079778e3bcf}.Debug|Any CPU.Build.0 = Debug|Any CPU
		{d3b07544-231d-841d-b2e4-6415be81dec8}.Debug|Any CPU.ActiveCfg = Debug|Any CPU
		{d3b07544-231d-841d-b2e4-6415be81dec8}.Debug|Any CPU.Build.0 = Debug|Any CPU
		{d183d60d-a8e3-68ba-be53-6565c3f9cf6a}.Debug|Any CPU.ActiveCfg = Debug|Any CPU
		{d183d60d-a8e3-68ba-be53-6565c3f9cf6a}.Debug|Any CPU.Build.0 = Debug|Any CPU
		{f720a752-17f6-f9ac-7056-005d6f73c01a}.Debug|Any CPU.ActiveCfg = Debug|Any CPU
		{f720a752-17f6-f9ac-7056-005d6f73c01a}.Debug|Any CPU.Build.0 = Debug|Any CPU
		{bbcf90ce-0207-2f7c-0417-0ec5ad67e7b4}.Debug|Any CPU.ActiveCfg = Debug|Any CPU
		{bbcf90ce-0207-2f7c-0417-0ec5ad67e7b4}.Debug|Any CPU.Build.0 = Debug|Any CPU
		{ed3c6285-130e-0e5e-749c-7423ffb6b686}.Debug|Any CPU.ActiveCfg = Debug|Any CPU
		{ed3c6285-130e-0e5e-749c-7423ffb6b686}.Debug|Any CPU.Build.0 = Debug|Any CPU
		{6f63e395-a058-2bae-858b-9fdfd297db4a}.Debug|Any CPU.ActiveCfg = Debug|Any CPU
		{6f63e395-a058-2bae-858b-9fdfd297db4a}.Debug|Any CPU.Build.0 = Debug|Any CPU
		{3e4a7daf-72ca-a1d6-a143-7388c0241091}.Debug|Any CPU.ActiveCfg = Debug|Any CPU
		{3e4a7daf-72ca-a1d6-a143-7388c0241091}.Debug|Any CPU.Build.0 = Debug|Any CPU
		{73c4c8cb-d7f1-7aef-2291-5d27993d2f5f}.Debug|Any CPU.ActiveCfg = Debug|Any CPU
		{73c4c8cb-d7f1-7aef-2291-5d27993d2f5f}.Debug|Any CPU.Build.0 = Debug|Any CPU
		{f25aff9f-0b01-60bb-3456-cc43d086a7d2}.Debug|Any CPU.ActiveCfg = Debug|Any CPU
		{f25aff9f-0b01-60bb-3456-cc43d086a7d2}.Debug|Any CPU.Build.0 = Debug|Any CPU
		{b83070bf-4f33-0ee3-0a5d-2da6f529442a}.Debug|Any CPU.ActiveCfg = Debug|Any CPU
		{b83070bf-4f33-0ee3-0a5d-2da6f529442a}.Debug|Any CPU.Build.0 = Debug|Any CPU
		{1a2d5022-5f82-8bfc-0fb0-a19f58ba5c66}.Debug|Any CPU.ActiveCfg = Debug|Any CPU
		{1a2d5022-5f82-8bfc-0fb0-a19f58ba5c66}.Debug|Any CPU.Build.0 = Debug|Any CPU
		{6db5ab80-7d2e-e4ec-6ced-cc7575b8895f}.Debug|Any CPU.ActiveCfg = Debug|Any CPU
		{6db5ab80-7d2e-e4ec-6ced-cc7575b8895f}.Debug|Any CPU.Build.0 = Debug|Any CPU
		{e822ea41-e465-8ae9-0835-9be247984831}.Debug|Any CPU.ActiveCfg = Debug|Any CPU
		{e822ea41-e465-8ae9-0835-9be247984831}.Debug|Any CPU.Build.0 = Debug|Any CPU
		{a0ef197c-d1d5-3038-68e4-5425167531a5}.Debug|Any CPU.ActiveCfg = Debug|Any CPU
		{a0ef197c-d1d5-3038-68e4-5425167531a5}.Debug|Any CPU.Build.0 = Debug|Any CPU
		{2f4930b4-4e72-7fac-4b1d-ba28364dfd12}.Debug|Any CPU.ActiveCfg = Debug|Any CPU
		{2f4930b4-4e72-7fac-4b1d-ba28364dfd12}.Debug|Any CPU.Build.0 = Debug|Any CPU
		{b6752458-bd4c-5879-b00f-314885527bbc}.Debug|Any CPU.ActiveCfg = Debug|Any CPU
		{b6752458-bd4c-5879-b00f-314885527bbc}.Debug|Any CPU.Build.0 = Debug|Any CPU
		{b49d7d69-9110-341a-2f51-ae7aef84cd49}.Debug|Any CPU.ActiveCfg = Debug|Any CPU
		{b49d7d69-9110-341a-2f51-ae7aef84cd49}.Debug|Any CPU.Build.0 = Debug|Any CPU
		{4d040e4d-2eb3-fc79-a4b7-09cffbd2ec37}.Debug|Any CPU.ActiveCfg = Debug|Any CPU
		{4d040e4d-2eb3-fc79-a4b7-09cffbd2ec37}.Debug|Any CPU.Build.0 = Debug|Any CPU
		{a7a2b431-4339-1396-988a-10dabc954a0c}.Debug|Any CPU.ActiveCfg = Debug|Any CPU
		{a7a2b431-4339-1396-988a-10dabc954a0c}.Debug|Any CPU.Build.0 = Debug|Any CPU
		{127bbb03-bd45-e0dd-c2dd-811ad7cd9d98}.Debug|Any CPU.ActiveCfg = Debug|Any CPU
		{127bbb03-bd45-e0dd-c2dd-811ad7cd9d98}.Debug|Any CPU.Build.0 = Debug|Any CPU
		{2b7f07fe-a2b4-7d52-254b-6fac9beb5639}.Debug|Any CPU.ActiveCfg = Debug|Any CPU
		{2b7f07fe-a2b4-7d52-254b-6fac9beb5639}.Debug|Any CPU.Build.0 = Debug|Any CPU
		{516c2775-c887-9981-238b-ea12c96715ef}.Debug|Any CPU.ActiveCfg = Debug|Any CPU
		{516c2775-c887-9981-238b-ea12c96715ef}.Debug|Any CPU.Build.0 = Debug|Any CPU
		{b124e3b8-425f-0044-2a97-7f9a284f9afe}.Debug|Any CPU.ActiveCfg = Debug|Any CPU
		{b124e3b8-425f-0044-2a97-7f9a284f9afe}.Debug|Any CPU.Build.0 = Debug|Any CPU
		{6f831ce4-adbd-b1be-ba26-a0c11264ac69}.Debug|Any CPU.ActiveCfg = Debug|Any CPU
		{6f831ce4-adbd-b1be-ba26-a0c11264ac69}.Debug|Any CPU.Build.0 = Debug|Any CPU
		{f361a573-79d1-20e4-8ec9-c03141e86098}.Debug|Any CPU.ActiveCfg = Debug|Any CPU
		{f361a573-79d1-20e4-8ec9-c03141e86098}.Debug|Any CPU.Build.0 = Debug|Any CPU
		{b0ca08cb-3263-4c47-3e36-97a826f39725}.Debug|Any CPU.ActiveCfg = Debug|Any CPU
		{b0ca08cb-3263-4c47-3e36-97a826f39725}.Debug|Any CPU.Build.0 = Debug|Any CPU
		{80d36e27-cce6-0d49-cb92-3436bb313b1f}.Debug|Any CPU.ActiveCfg = Debug|Any CPU
		{80d36e27-cce6-0d49-cb92-3436bb313b1f}.Debug|Any CPU.Build.0 = Debug|Any CPU
		{1e234601-6864-448f-3198-d76a98cf4ec3}.Debug|Any CPU.ActiveCfg = Debug|Any CPU
		{1e234601-6864-448f-3198-d76a98cf4ec3}.Debug|Any CPU.Build.0 = Debug|Any CPU
		{dbf26cb7-a68d-d104-45e1-2e50b15636e0}.Debug|Any CPU.ActiveCfg = Debug|Any CPU
		{dbf26cb7-a68d-d104-45e1-2e50b15636e0}.Debug|Any CPU.Build.0 = Debug|Any CPU
		{509ee40d-6fcb-3762-e5da-84e48d55f942}.Debug|Any CPU.ActiveCfg = Debug|Any CPU
		{509ee40d-6fcb-3762-e5da-84e48d55f942}.Debug|Any CPU.Build.0 = Debug|Any CPU
		{dce1c976-2744-be7b-f7b2-160f3355da23}.Debug|Any CPU.ActiveCfg = Debug|Any CPU
		{dce1c976-2744-be7b-f7b2-160f3355da23}.Debug|Any CPU.Build.0 = Debug|Any CPU
		{afcfe5eb-e04c-7be3-eea2-dc47b333cab0}.Debug|Any CPU.ActiveCfg = Debug|Any CPU
		{afcfe5eb-e04c-7be3-eea2-dc47b333cab0}.Debug|Any CPU.Build.0 = Debug|Any CPU
		{1df23652-7d0c-b634-6855-3cbac8cdefe0}.Debug|Any CPU.ActiveCfg = Debug|Any CPU
		{1df23652-7d0c-b634-6855-3cbac8cdefe0}.Debug|Any CPU.Build.0 = Debug|Any CPU
		{5860fd5f-01b7-793a-6520-a78fceb7c53b}.Debug|Any CPU.ActiveCfg = Debug|Any CPU
		{5860fd5f-01b7-793a-6520-a78fceb7c53b}.Debug|Any CPU.Build.0 = Debug|Any CPU
		{e39f8429-95cb-0f2a-c5f4-0ccbc7be6d79}.Debug|Any CPU.ActiveCfg = Debug|Any CPU
		{e39f8429-95cb-0f2a-c5f4-0ccbc7be6d79}.Debug|Any CPU.Build.0 = Debug|Any CPU
		{0666ebd0-abd8-6574-3371-d9264b85c341}.Debug|Any CPU.ActiveCfg = Debug|Any CPU
		{0666ebd0-abd8-6574-3371-d9264b85c341}.Debug|Any CPU.Build.0 = Debug|Any CPU
		{62cfa486-8c61-44b2-9121-6126ad35a424}.Debug|Any CPU.ActiveCfg = Debug|Any CPU
		{62cfa486-8c61-44b2-9121-6126ad35a424}.Debug|Any CPU.Build.0 = Debug|Any CPU
		{a449e26f-67c3-371a-8de2-0b8e3f4c7a84}.Debug|Any CPU.ActiveCfg = Debug|Any CPU
		{a449e26f-67c3-371a-8de2-0b8e3f4c7a84}.Debug|Any CPU.Build.0 = Debug|Any CPU
		{3f0623ee-fd0e-f734-9670-df22f01034ca}.Debug|Any CPU.ActiveCfg = Debug|Any CPU
		{3f0623ee-fd0e-f734-9670-df22f01034ca}.Debug|Any CPU.Build.0 = Debug|Any CPU
		{592aef30-189a-4e36-05ae-7cbac5c06382}.Debug|Any CPU.ActiveCfg = Debug|Any CPU
		{592aef30-189a-4e36-05ae-7cbac5c06382}.Debug|Any CPU.Build.0 = Debug|Any CPU
		{bbda02d8-58a0-201b-881c-037b94977fd5}.Debug|Any CPU.ActiveCfg = Debug|Any CPU
		{bbda02d8-58a0-201b-881c-037b94977fd5}.Debug|Any CPU.Build.0 = Debug|Any CPU
		{674cecdd-30ba-aa8a-7515-988577ed1f0f}.Debug|Any CPU.ActiveCfg = Debug|Any CPU
		{674cecdd-30ba-aa8a-7515-988577ed1f0f}.Debug|Any CPU.Build.0 = Debug|Any CPU
		{93372ffe-032b-4bb2-16c1-6b28ac4aaa65}.Debug|Any CPU.ActiveCfg = Debug|Any CPU
		{93372ffe-032b-4bb2-16c1-6b28ac4aaa65}.Debug|Any CPU.Build.0 = Debug|Any CPU
		{4dc902d0-94ae-fd8f-d973-6b3802027799}.Debug|Any CPU.ActiveCfg = Debug|Any CPU
		{4dc902d0-94ae-fd8f-d973-6b3802027799}.Debug|Any CPU.Build.0 = Debug|Any CPU
		{f9445b1f-7444-7bd2-72ac-2f01a4cb5c38}.Debug|Any CPU.ActiveCfg = Debug|Any CPU
		{f9445b1f-7444-7bd2-72ac-2f01a4cb5c38}.Debug|Any CPU.Build.0 = Debug|Any CPU
		{aa8d0a87-9f27-f0e0-dbc4-8484c67e9795}.Debug|Any CPU.ActiveCfg = Debug|Any CPU
		{aa8d0a87-9f27-f0e0-dbc4-8484c67e9795}.Debug|Any CPU.Build.0 = Debug|Any CPU
		{c86ea32c-8c78-247c-5b42-24fdafe2cb3e}.Debug|Any CPU.ActiveCfg = Debug|Any CPU
		{c86ea32c-8c78-247c-5b42-24fdafe2cb3e}.Debug|Any CPU.Build.0 = Debug|Any CPU
		{ebd21ca2-b763-507d-26aa-2bf8ea7256de}.Debug|Any CPU.ActiveCfg = Debug|Any CPU
		{ebd21ca2-b763-507d-26aa-2bf8ea7256de}.Debug|Any CPU.Build.0 = Debug|Any CPU
		{09fbbaca-3f44-94aa-c3e1-59fd52e23d7d}.Debug|Any CPU.ActiveCfg = Debug|Any CPU
		{09fbbaca-3f44-94aa-c3e1-59fd52e23d7d}.Debug|Any CPU.Build.0 = Debug|Any CPU
		{17f983a7-506a-00c4-aaa1-7a3704bbcbc7}.Debug|Any CPU.ActiveCfg = Debug|Any CPU
		{17f983a7-506a-00c4-aaa1-7a3704bbcbc7}.Debug|Any CPU.Build.0 = Debug|Any CPU
		{fc8ead45-276a-9aeb-fb23-1d2c02a6fe82}.Debug|Any CPU.ActiveCfg = Debug|Any CPU
		{fc8ead45-276a-9aeb-fb23-1d2c02a6fe82}.Debug|Any CPU.Build.0 = Debug|Any CPU
		{c9d23830-80b7-ec73-2d60-46d7e0da8665}.Debug|Any CPU.ActiveCfg = Debug|Any CPU
		{c9d23830-80b7-ec73-2d60-46d7e0da8665}.Debug|Any CPU.Build.0 = Debug|Any CPU
		{96a557b5-0f1f-5369-cd15-adb0e2a359ac}.Debug|Any CPU.ActiveCfg = Debug|Any CPU
		{96a557b5-0f1f-5369-cd15-adb0e2a359ac}.Debug|Any CPU.Build.0 = Debug|Any CPU
		{f3b95d17-03f2-c2dc-672a-2324d37de18e}.Debug|Any CPU.ActiveCfg = Debug|Any CPU
		{f3b95d17-03f2-c2dc-672a-2324d37de18e}.Debug|Any CPU.Build.0 = Debug|Any CPU
		{6f6c41cc-fc52-1b45-2d02-a594b6f4b6c4}.Debug|Any CPU.ActiveCfg = Debug|Any CPU
		{6f6c41cc-fc52-1b45-2d02-a594b6f4b6c4}.Debug|Any CPU.Build.0 = Debug|Any CPU
		{de333621-bde4-2477-c7f1-e23eabda99ae}.Debug|Any CPU.ActiveCfg = Debug|Any CPU
		{de333621-bde4-2477-c7f1-e23eabda99ae}.Debug|Any CPU.Build.0 = Debug|Any CPU
		{67a72669-ae57-8bd4-46c7-b68803e17585}.Debug|Any CPU.ActiveCfg = Debug|Any CPU
		{67a72669-ae57-8bd4-46c7-b68803e17585}.Debug|Any CPU.Build.0 = Debug|Any CPU
		{5c1458cf-c50b-d68d-5eaa-f3002a11c530}.Debug|Any CPU.ActiveCfg = Debug|Any CPU
		{5c1458cf-c50b-d68d-5eaa-f3002a11c530}.Debug|Any CPU.Build.0 = Debug|Any CPU
		{272d3c9d-2dd5-43b2-48dc-6e7a41d8b670}.Debug|Any CPU.ActiveCfg = Debug|Any CPU
		{272d3c9d-2dd5-43b2-48dc-6e7a41d8b670}.Debug|Any CPU.Build.0 = Debug|Any CPU
		{f9691720-c595-f13e-7465-34d2ddbd34e6}.Debug|Any CPU.ActiveCfg = Debug|Any CPU
		{f9691720-c595-f13e-7465-34d2ddbd34e6}.Debug|Any CPU.Build.0 = Debug|Any CPU
		{82d84ab8-baf9-27b2-ef1f-f11164a794b5}.Debug|Any CPU.ActiveCfg = Debug|Any CPU
		{82d84ab8-baf9-27b2-ef1f-f11164a794b5}.Debug|Any CPU.Build.0 = Debug|Any CPU
		{fd49a819-eff1-b507-d577-a70db7d4b333}.Debug|Any CPU.ActiveCfg = Debug|Any CPU
		{fd49a819-eff1-b507-d577-a70db7d4b333}.Debug|Any CPU.Build.0 = Debug|Any CPU
		{2929ea3e-f15d-06ee-233d-20742a457e00}.Debug|Any CPU.ActiveCfg = Debug|Any CPU
		{2929ea3e-f15d-06ee-233d-20742a457e00}.Debug|Any CPU.Build.0 = Debug|Any CPU
		{f140795d-d549-6d44-b9ee-3172fda6082e}.Debug|Any CPU.ActiveCfg = Debug|Any CPU
		{f140795d-d549-6d44-b9ee-3172fda6082e}.Debug|Any CPU.Build.0 = Debug|Any CPU
		{06dceed9-43c2-807a-9e37-099fda7ba283}.Debug|Any CPU.ActiveCfg = Debug|Any CPU
		{06dceed9-43c2-807a-9e37-099fda7ba283}.Debug|Any CPU.Build.0 = Debug|Any CPU
		{1caf5c6f-5e17-61dd-e06a-676fe22116e7}.Debug|Any CPU.ActiveCfg = Debug|Any CPU
		{1caf5c6f-5e17-61dd-e06a-676fe22116e7}.Debug|Any CPU.Build.0 = Debug|Any CPU
		{25977b0c-3ea0-3813-91d9-8ba9c2ea9a3b}.Debug|Any CPU.ActiveCfg = Debug|Any CPU
		{25977b0c-3ea0-3813-91d9-8ba9c2ea9a3b}.Debug|Any CPU.Build.0 = Debug|Any CPU
		{d1f87510-9f45-8239-a0a1-dc32d1cf9655}.Debug|Any CPU.ActiveCfg = Debug|Any CPU
		{d1f87510-9f45-8239-a0a1-dc32d1cf9655}.Debug|Any CPU.Build.0 = Debug|Any CPU
		{a0071acc-78ae-9dc4-d00e-18cef617fce2}.Debug|Any CPU.ActiveCfg = Debug|Any CPU
		{a0071acc-78ae-9dc4-d00e-18cef617fce2}.Debug|Any CPU.Build.0 = Debug|Any CPU
	EndGlobalSection
	GlobalSection(SolutionProperties) = preSolution
		HideSolutionNode = FALSE
	EndGlobalSection
EndGlobal
